// !$*UTF8*$!
{
	archiveVersion = 1;
	classes = {
	};
	objectVersion = 77;
	objects = {

/* Begin PBXContainerItemProxy section */
		764B151C2FD0AC7E00F8FF4C /* PBXContainerItemProxy */ = {
			isa = PBXContainerItemProxy;
			containerPortal = 764B15062FD0AC7D00F8FF4C /* Project object */;
			proxyType = 1;
			remoteGlobalIDString = 764B150D2FD0AC7D00F8FF4C;
			remoteInfo = ScotiaAssessment;
		};
		764B15262FD0AC7E00F8FF4C /* PBXContainerItemProxy */ = {
			isa = PBXContainerItemProxy;
			containerPortal = 764B15062FD0AC7D00F8FF4C /* Project object */;
			proxyType = 1;
			remoteGlobalIDString = 764B150D2FD0AC7D00F8FF4C;
			remoteInfo = ScotiaAssessment;
		};
/* End PBXContainerItemProxy section */

/* Begin PBXFileReference section */
		764B150E2FD0AC7D00F8FF4C /* ScotiaAssessment.app */ = {isa = PBXFileReference; explicitFileType = wrapper.application; includeInIndex = 0; path = ScotiaAssessment.app; sourceTree = BUILT_PRODUCTS_DIR; };
		764B151B2FD0AC7E00F8FF4C /* ScotiaAssessmentTests.xctest */ = {isa = PBXFileReference; explicitFileType = wrapper.cfbundle; includeInIndex = 0; path = ScotiaAssessmentTests.xctest; sourceTree = BUILT_PRODUCTS_DIR; };
		764B15252FD0AC7E00F8FF4C /* ScotiaAssessmentUITests.xctest */ = {isa = PBXFileReference; explicitFileType = wrapper.cfbundle; includeInIndex = 0; path = ScotiaAssessmentUITests.xctest; sourceTree = BUILT_PRODUCTS_DIR; };
/* End PBXFileReference section */

/* Begin PBXFileSystemSynchronizedRootGroup section */
		764B15102FD0AC7D00F8FF4C /* ScotiaAssessment */ = {
			isa = PBXFileSystemSynchronizedRootGroup;
			path = ScotiaAssessment;
			sourceTree = "<group>";
		};
		764B151E2FD0AC7E00F8FF4C /* ScotiaAssessmentTests */ = {
			isa = PBXFileSystemSynchronizedRootGroup;
			path = ScotiaAssessmentTests;
			sourceTree = "<group>";
		};
		764B15282FD0AC7E00F8FF4C /* ScotiaAssessmentUITests */ = {
			isa = PBXFileSystemSynchronizedRootGroup;
			path = ScotiaAssessmentUITests;
			sourceTree = "<group>";
		};
/* End PBXFileSystemSynchronizedRootGroup section */

/* Begin PBXFrameworksBuildPhase section */
		764B150B2FD0AC7D00F8FF4C /* Frameworks */ = {
			isa = PBXFrameworksBuildPhase;
			buildActionMask = 2147483647;
			files = (
			);
			runOnlyForDeploymentPostprocessing = 0;
		};
		764B15182FD0AC7E00F8FF4C /* Frameworks */ = {
			isa = PBXFrameworksBuildPhase;
			buildActionMask = 2147483647;
			files = (
			);
			runOnlyForDeploymentPostprocessing = 0;
		};
		764B15222FD0AC7E00F8FF4C /* Frameworks */ = {
			isa = PBXFrameworksBuildPhase;
			buildActionMask = 2147483647;
			files = (
			);
			runOnlyForDeploymentPostprocessing = 0;
		};
/* End PBXFrameworksBuildPhase section */

/* Begin PBXGroup section */
		764B15052FD0AC7D00F8FF4C = {
			isa = PBXGroup;
			children = (
				764B15102FD0AC7D00F8FF4C /* ScotiaAssessment */,
				764B151E2FD0AC7E00F8FF4C /* ScotiaAssessmentTests */,
				764B15282FD0AC7E00F8FF4C /* ScotiaAssessmentUITests */,
				764B150F2FD0AC7D00F8FF4C /* Products */,
			);
			sourceTree = "<group>";
		};
		764B150F2FD0AC7D00F8FF4C /* Products */ = {
			isa = PBXGroup;
			children = (
				764B150E2FD0AC7D00F8FF4C /* ScotiaAssessment.app */,
				764B151B2FD0AC7E00F8FF4C /* ScotiaAssessmentTests.xctest */,
				764B15252FD0AC7E00F8FF4C /* ScotiaAssessmentUITests.xctest */,
			);
			name = Products;
			sourceTree = "<group>";
		};
/* End PBXGroup section */

/* Begin PBXNativeTarget section */
		764B150D2FD0AC7D00F8FF4C /* ScotiaAssessment */ = {
			isa = PBXNativeTarget;
			buildConfigurationList = 764B152F2FD0AC7E00F8FF4C /* Build configuration list for PBXNativeTarget "ScotiaAssessment" */;
			buildPhases = (
				764B150A2FD0AC7D00F8FF4C /* Sources */,
				764B150B2FD0AC7D00F8FF4C /* Frameworks */,
				764B150C2FD0AC7D00F8FF4C /* Resources */,
			);
			buildRules = (
			);
			dependencies = (
			);
			fileSystemSynchronizedGroups = (
				764B15102FD0AC7D00F8FF4C /* ScotiaAssessment */,
			);
			name = ScotiaAssessment;
			packageProductDependencies = (
			);
			productName = ScotiaAssessment;
			productReference = 764B150E2FD0AC7D00F8FF4C /* ScotiaAssessment.app */;
			productType = "com.apple.product-type.application";
		};
		764B151A2FD0AC7E00F8FF4C /* ScotiaAssessmentTests */ = {
			isa = PBXNativeTarget;
			buildConfigurationList = 764B15322FD0AC7E00F8FF4C /* Build configuration list for PBXNativeTarget "ScotiaAssessmentTests" */;
			buildPhases = (
				764B15172FD0AC7E00F8FF4C /* Sources */,
				764B15182FD0AC7E00F8FF4C /* Frameworks */,
				764B15192FD0AC7E00F8FF4C /* Resources */,
			);
			buildRules = (
			);
			dependencies = (
				764B151D2FD0AC7E00F8FF4C /* PBXTargetDependency */,
			);
			fileSystemSynchronizedGroups = (
				764B151E2FD0AC7E00F8FF4C /* ScotiaAssessmentTests */,
			);
			name = ScotiaAssessmentTests;
			packageProductDependencies = (
			);
			productName = ScotiaAssessmentTests;
			productReference = 764B151B2FD0AC7E00F8FF4C /* ScotiaAssessmentTests.xctest */;
			productType = "com.apple.product-type.bundle.unit-test";
		};
		764B15242FD0AC7E00F8FF4C /* ScotiaAssessmentUITests */ = {
			isa = PBXNativeTarget;
			buildConfigurationList = 764B15352FD0AC7E00F8FF4C /* Build configuration list for PBXNativeTarget "ScotiaAssessmentUITests" */;
			buildPhases = (
				764B15212FD0AC7E00F8FF4C /* Sources */,
				764B15222FD0AC7E00F8FF4C /* Frameworks */,
				764B15232FD0AC7E00F8FF4C /* Resources */,
			);
			buildRules = (
			);
			dependencies = (
				764B15272FD0AC7E00F8FF4C /* PBXTargetDependency */,
			);
			fileSystemSynchronizedGroups = (
				764B15282FD0AC7E00F8FF4C /* ScotiaAssessmentUITests */,
			);
			name = ScotiaAssessmentUITests;
			packageProductDependencies = (
			);
			productName = ScotiaAssessmentUITests;
			productReference = 764B15252FD0AC7E00F8FF4C /* ScotiaAssessmentUITests.xctest */;
			productType = "com.apple.product-type.bundle.ui-testing";
		};
/* End PBXNativeTarget section */

/* Begin PBXProject section */
		764B15062FD0AC7D00F8FF4C /* Project object */ = {
			isa = PBXProject;
			attributes = {
				BuildIndependentTargetsInParallel = 1;
				LastSwiftUpdateCheck = 2650;
				LastUpgradeCheck = 2650;
				TargetAttributes = {
					764B150D2FD0AC7D00F8FF4C = {
						CreatedOnToolsVersion = 26.5;
					};
					764B151A2FD0AC7E00F8FF4C = {
						CreatedOnToolsVersion = 26.5;
						TestTargetID = 764B150D2FD0AC7D00F8FF4C;
					};
					764B15242FD0AC7E00F8FF4C = {
						CreatedOnToolsVersion = 26.5;
						TestTargetID = 764B150D2FD0AC7D00F8FF4C;
					};
				};
			};
			buildConfigurationList = 764B15092FD0AC7D00F8FF4C /* Build configuration list for PBXProject "ScotiaAssessment" */;
			developmentRegion = en;
			hasScannedForEncodings = 0;
			knownRegions = (
				en,
				Base,
			);
			mainGroup = 764B15052FD0AC7D00F8FF4C;
			minimizedProjectReferenceProxies = 1;
			preferredProjectObjectVersion = 77;
			productRefGroup = 764B150F2FD0AC7D00F8FF4C /* Products */;
			projectDirPath = "";
			projectRoot = "";
			targets = (
				764B150D2FD0AC7D00F8FF4C /* ScotiaAssessment */,
				764B151A2FD0AC7E00F8FF4C /* ScotiaAssessmentTests */,
				764B15242FD0AC7E00F8FF4C /* ScotiaAssessmentUITests */,
			);
		};
/* End PBXProject section */

/* Begin PBXResourcesBuildPhase section */
		764B150C2FD0AC7D00F8FF4C /* Resources */ = {
			isa = PBXResourcesBuildPhase;
			buildActionMask = 2147483647;
			files = (
			);
			runOnlyForDeploymentPostprocessing = 0;
		};
		764B15192FD0AC7E00F8FF4C /* Resources */ = {
			isa = PBXResourcesBuildPhase;
			buildActionMask = 2147483647;
			files = (
			);
			runOnlyForDeploymentPostprocessing = 0;
		};
		764B15232FD0AC7E00F8FF4C /* Resources */ = {
			isa = PBXResourcesBuildPhase;
			buildActionMask = 2147483647;
			files = (
			);
			runOnlyForDeploymentPostprocessing = 0;
		};
/* End PBXResourcesBuildPhase section */

/* Begin PBXSourcesBuildPhase section */
		764B150A2FD0AC7D00F8FF4C /* Sources */ = {
			isa = PBXSourcesBuildPhase;
			buildActionMask = 2147483647;
			files = (
			);
			runOnlyForDeploymentPostprocessing = 0;
		};
		764B15172FD0AC7E00F8FF4C /* Sources */ = {
			isa = PBXSourcesBuildPhase;
			buildActionMask = 2147483647;
			files = (
			);
			runOnlyForDeploymentPostprocessing = 0;
		};
		764B15212FD0AC7E00F8FF4C /* Sources */ = {
			isa = PBXSourcesBuildPhase;
			buildActionMask = 2147483647;
			files = (
			);
			runOnlyForDeploymentPostprocessing = 0;
		};
/* End PBXSourcesBuildPhase section */

/* Begin PBXTargetDependency section */
		764B151D2FD0AC7E00F8FF4C /* PBXTargetDependency */ = {
			isa = PBXTargetDependency;
			target = 764B150D2FD0AC7D00F8FF4C /* ScotiaAssessment */;
			targetProxy = 764B151C2FD0AC7E00F8FF4C /* PBXContainerItemProxy */;
		};
		764B15272FD0AC7E00F8FF4C /* PBXTargetDependency */ = {
			isa = PBXTargetDependency;
			target = 764B150D2FD0AC7D00F8FF4C /* ScotiaAssessment */;
			targetProxy = 764B15262FD0AC7E00F8FF4C /* PBXContainerItemProxy */;
		};
/* End PBXTargetDependency section */

/* Begin XCBuildConfiguration section */
		764B152D2FD0AC7E00F8FF4C /* Debug */ = {
			isa = XCBuildConfiguration;
			buildSettings = {
				ALWAYS_SEARCH_USER_PATHS = NO;
				ASSETCATALOG_COMPILER_GENERATE_SWIFT_ASSET_SYMBOL_EXTENSIONS = YES;
				CLANG_ANALYZER_NONNULL = YES;
				CLANG_ANALYZER_NUMBER_OBJECT_CONVERSION = YES_AGGRESSIVE;
				CLANG_CXX_LANGUAGE_STANDARD = "gnu++20";
				CLANG_ENABLE_MODULES = YES;
				CLANG_ENABLE_OBJC_ARC = YES;
				CLANG_ENABLE_OBJC_WEAK = YES;
				CLANG_WARN_BLOCK_CAPTURE_AUTORELEASING = YES;
				CLANG_WARN_BOOL_CONVERSION = YES;
				CLANG_WARN_COMMA = YES;
				CLANG_WARN_CONSTANT_CONVERSION = YES;
				CLANG_WARN_DEPRECATED_OBJC_IMPLEMENTATIONS = YES;
				CLANG_WARN_DIRECT_OBJC_ISA_USAGE = YES_ERROR;
				CLANG_WARN_DOCUMENTATION_COMMENTS = YES;
				CLANG_WARN_EMPTY_BODY = YES;
				CLANG_WARN_ENUM_CONVERSION = YES;
				CLANG_WARN_INFINITE_RECURSION = YES;
				CLANG_WARN_INT_CONVERSION = YES;
				CLANG_WARN_NON_LITERAL_NULL_CONVERSION = YES;
				CLANG_WARN_OBJC_IMPLICIT_RETAIN_SELF = YES;
				CLANG_WARN_OBJC_LITERAL_CONVERSION = YES;
				CLANG_WARN_OBJC_ROOT_CLASS = YES_ERROR;
				CLANG_WARN_QUOTED_INCLUDE_IN_FRAMEWORK_HEADER = YES;
				CLANG_WARN_RANGE_LOOP_ANALYSIS = YES;
				CLANG_WARN_STRICT_PROTOTYPES = YES;
				CLANG_WARN_SUSPICIOUS_MOVE = YES;
				CLANG_WARN_UNGUARDED_AVAILABILITY = YES_AGGRESSIVE;
				CLANG_WARN_UNREACHABLE_CODE = YES;
				CLANG_WARN__DUPLICATE_METHOD_MATCH = YES;
				COPY_PHASE_STRIP = NO;
				DEBUG_INFORMATION_FORMAT = dwarf;
				DEVELOPMENT_TEAM = FBG3T29FPF;
				ENABLE_STRICT_OBJC_MSGSEND = YES;
				ENABLE_TESTABILITY = YES;
				ENABLE_USER_SCRIPT_SANDBOXING = YES;
				GCC_C_LANGUAGE_STANDARD = gnu17;
				GCC_DYNAMIC_NO_PIC = NO;
				GCC_NO_COMMON_BLOCKS = YES;
				GCC_OPTIMIZATION_LEVEL = 0;
				GCC_PREPROCESSOR_DEFINITIONS = (
					"DEBUG=1",
					"$(inherited)",
				);
				GCC_WARN_64_TO_32_BIT_CONVERSION = YES;
				GCC_WARN_ABOUT_RETURN_TYPE = YES_ERROR;
				GCC_WARN_UNDECLARED_SELECTOR = YES;
				GCC_WARN_UNINITIALIZED_AUTOS = YES_AGGRESSIVE;
				GCC_WARN_UNUSED_FUNCTION = YES;
				GCC_WARN_UNUSED_VARIABLE = YES;
				IPHONEOS_DEPLOYMENT_TARGET = 26.5;
				LOCALIZATION_PREFERS_STRING_CATALOGS = YES;
				MTL_ENABLE_DEBUG_INFO = INCLUDE_SOURCE;
				MTL_FAST_MATH = YES;
				ONLY_ACTIVE_ARCH = YES;
				SDKROOT = iphoneos;
				SWIFT_ACTIVE_COMPILATION_CONDITIONS = "DEBUG $(inherited)";
				SWIFT_OPTIMIZATION_LEVEL = "-Onone";
			};
			name = Debug;
		};
		764B152E2FD0AC7E00F8FF4C /* Release */ = {
			isa = XCBuildConfiguration;
			buildSettings = {
				ALWAYS_SEARCH_USER_PATHS = NO;
				ASSETCATALOG_COMPILER_GENERATE_SWIFT_ASSET_SYMBOL_EXTENSIONS = YES;
				CLANG_ANALYZER_NONNULL = YES;
				CLANG_ANALYZER_NUMBER_OBJECT_CONVERSION = YES_AGGRESSIVE;
				CLANG_CXX_LANGUAGE_STANDARD = "gnu++20";
				CLANG_ENABLE_MODULES = YES;
				CLANG_ENABLE_OBJC_ARC = YES;
				CLANG_ENABLE_OBJC_WEAK = YES;
				CLANG_WARN_BLOCK_CAPTURE_AUTORELEASING = YES;
				CLANG_WARN_BOOL_CONVERSION = YES;
				CLANG_WARN_COMMA = YES;
				CLANG_WARN_CONSTANT_CONVERSION = YES;
				CLANG_WARN_DEPRECATED_OBJC_IMPLEMENTATIONS = YES;
				CLANG_WARN_DIRECT_OBJC_ISA_USAGE = YES_ERROR;
				CLANG_WARN_DOCUMENTATION_COMMENTS = YES;
				CLANG_WARN_EMPTY_BODY = YES;
				CLANG_WARN_ENUM_CONVERSION = YES;
				CLANG_WARN_INFINITE_RECURSION = YES;
				CLANG_WARN_INT_CONVERSION = YES;
				CLANG_WARN_NON_LITERAL_NULL_CONVERSION = YES;
				CLANG_WARN_OBJC_IMPLICIT_RETAIN_SELF = YES;
				CLANG_WARN_OBJC_LITERAL_CONVERSION = YES;
				CLANG_WARN_OBJC_ROOT_CLASS = YES_ERROR;
				CLANG_WARN_QUOTED_INCLUDE_IN_FRAMEWORK_HEADER = YES;
				CLANG_WARN_RANGE_LOOP_ANALYSIS = YES;
				CLANG_WARN_STRICT_PROTOTYPES = YES;
				CLANG_WARN_SUSPICIOUS_MOVE = YES;
				CLANG_WARN_UNGUARDED_AVAILABILITY = YES_AGGRESSIVE;
				CLANG_WARN_UNREACHABLE_CODE = YES;
				CLANG_WARN__DUPLICATE_METHOD_MATCH = YES;
				COPY_PHASE_STRIP = NO;
				DEBUG_INFORMATION_FORMAT = "dwarf-with-dsym";
				DEVELOPMENT_TEAM = FBG3T29FPF;
				ENABLE_NS_ASSERTIONS = NO;
				ENABLE_STRICT_OBJC_MSGSEND = YES;
				ENABLE_USER_SCRIPT_SANDBOXING = YES;
				GCC_C_LANGUAGE_STANDARD = gnu17;
				GCC_NO_COMMON_BLOCKS = YES;
				GCC_WARN_64_TO_32_BIT_CONVERSION = YES;
				GCC_WARN_ABOUT_RETURN_TYPE = YES_ERROR;
				GCC_WARN_UNDECLARED_SELECTOR = YES;
				GCC_WARN_UNINITIALIZED_AUTOS = YES_AGGRESSIVE;
				GCC_WARN_UNUSED_FUNCTION = YES;
				GCC_WARN_UNUSED_VARIABLE = YES;
				IPHONEOS_DEPLOYMENT_TARGET = 26.5;
				LOCALIZATION_PREFERS_STRING_CATALOGS = YES;
				MTL_ENABLE_DEBUG_INFO = NO;
				MTL_FAST_MATH = YES;
				SDKROOT = iphoneos;
				SWIFT_COMPILATION_MODE = wholemodule;
				VALIDATE_PRODUCT = YES;
			};
			name = Release;
		};
		764B15302FD0AC7E00F8FF4C /* Debug */ = {
			isa = XCBuildConfiguration;
			buildSettings = {
				ASSETCATALOG_COMPILER_APPICON_NAME = AppIcon;
				ASSETCATALOG_COMPILER_GLOBAL_ACCENT_COLOR_NAME = AccentColor;
				CODE_SIGN_STYLE = Automatic;
				CURRENT_PROJECT_VERSION = 1;
				DEVELOPMENT_TEAM = FBG3T29FPF;
				ENABLE_PREVIEWS = YES;
				GENERATE_INFOPLIST_FILE = YES;
				INFOPLIST_KEY_UIApplicationSceneManifest_Generation = YES;
				INFOPLIST_KEY_UIApplicationSupportsIndirectInputEvents = YES;
				INFOPLIST_KEY_UILaunchScreen_Generation = YES;
				INFOPLIST_KEY_UISupportedInterfaceOrientations_iPad = "UIInterfaceOrientationPortrait UIInterfaceOrientationPortraitUpsideDown UIInterfaceOrientationLandscapeLeft UIInterfaceOrientationLandscapeRight";
				INFOPLIST_KEY_UISupportedInterfaceOrientations_iPhone = "UIInterfaceOrientationPortrait UIInterfaceOrientationLandscapeLeft UIInterfaceOrientationLandscapeRight";
				LD_RUNPATH_SEARCH_PATHS = (
					"$(inherited)",
					"@executable_path/Frameworks",
				);
				MARKETING_VERSION = 1.0;
				PRODUCT_BUNDLE_IDENTIFIER = GG.ScotiaAssessment;
				PRODUCT_NAME = "$(TARGET_NAME)";
				STRING_CATALOG_GENERATE_SYMBOLS = YES;
				SWIFT_APPROACHABLE_CONCURRENCY = YES;
				SWIFT_DEFAULT_ACTOR_ISOLATION = MainActor;
				SWIFT_EMIT_LOC_STRINGS = YES;
				SWIFT_UPCOMING_FEATURE_MEMBER_IMPORT_VISIBILITY = YES;
				SWIFT_VERSION = 5.0;
				TARGETED_DEVICE_FAMILY = "1,2";
			};
			name = Debug;
		};
		764B15312FD0AC7E00F8FF4C /* Release */ = {
			isa = XCBuildConfiguration;
			buildSettings = {
				ASSETCATALOG_COMPILER_APPICON_NAME = AppIcon;
				ASSETCATALOG_COMPILER_GLOBAL_ACCENT_COLOR_NAME = AccentColor;
				CODE_SIGN_STYLE = Automatic;
				CURRENT_PROJECT_VERSION = 1;
				DEVELOPMENT_TEAM = FBG3T29FPF;
				ENABLE_PREVIEWS = YES;
				GENERATE_INFOPLIST_FILE = YES;
				INFOPLIST_KEY_UIApplicationSceneManifest_Generation = YES;
				INFOPLIST_KEY_UIApplicationSupportsIndirectInputEvents = YES;
				INFOPLIST_KEY_UILaunchScreen_Generation = YES;
				INFOPLIST_KEY_UISupportedInterfaceOrientations_iPad = "UIInterfaceOrientationPortrait UIInterfaceOrientationPortraitUpsideDown UIInterfaceOrientationLandscapeLeft UIInterfaceOrientationLandscapeRight";
				INFOPLIST_KEY_UISupportedInterfaceOrientations_iPhone = "UIInterfaceOrientationPortrait UIInterfaceOrientationLandscapeLeft UIInterfaceOrientationLandscapeRight";
				LD_RUNPATH_SEARCH_PATHS = (
					"$(inherited)",
					"@executable_path/Frameworks",
				);
				MARKETING_VERSION = 1.0;
				PRODUCT_BUNDLE_IDENTIFIER = GG.ScotiaAssessment;
				PRODUCT_NAME = "$(TARGET_NAME)";
				STRING_CATALOG_GENERATE_SYMBOLS = YES;
				SWIFT_APPROACHABLE_CONCURRENCY = YES;
				SWIFT_DEFAULT_ACTOR_ISOLATION = MainActor;
				SWIFT_EMIT_LOC_STRINGS = YES;
				SWIFT_UPCOMING_FEATURE_MEMBER_IMPORT_VISIBILITY = YES;
				SWIFT_VERSION = 5.0;
				TARGETED_DEVICE_FAMILY = "1,2";
			};
			name = Release;
		};
		764B15332FD0AC7E00F8FF4C /* Debug */ = {
			isa = XCBuildConfiguration;
			buildSettings = {
				BUNDLE_LOADER = "$(TEST_HOST)";
				CODE_SIGN_STYLE = Automatic;
				CURRENT_PROJECT_VERSION = 1;
				DEVELOPMENT_TEAM = FBG3T29FPF;
				GENERATE_INFOPLIST_FILE = YES;
				IPHONEOS_DEPLOYMENT_TARGET = 26.5;
				MARKETING_VERSION = 1.0;
				PRODUCT_BUNDLE_IDENTIFIER = GG.ScotiaAssessmentTests;
				PRODUCT_NAME = "$(TARGET_NAME)";
				STRING_CATALOG_GENERATE_SYMBOLS = NO;
				SWIFT_APPROACHABLE_CONCURRENCY = YES;
				SWIFT_EMIT_LOC_STRINGS = NO;
				SWIFT_UPCOMING_FEATURE_MEMBER_IMPORT_VISIBILITY = YES;
				SWIFT_VERSION = 5.0;
				TARGETED_DEVICE_FAMILY = "1,2";
				TEST_HOST = "$(BUILT_PRODUCTS_DIR)/ScotiaAssessment.app/$(BUNDLE_EXECUTABLE_FOLDER_PATH)/ScotiaAssessment";
			};
			name = Debug;
		};
		764B15342FD0AC7E00F8FF4C /* Release */ = {
			isa = XCBuildConfiguration;
			buildSettings = {
				BUNDLE_LOADER = "$(TEST_HOST)";
				CODE_SIGN_STYLE = Automatic;
				CURRENT_PROJECT_VERSION = 1;
				DEVELOPMENT_TEAM = FBG3T29FPF;
				GENERATE_INFOPLIST_FILE = YES;
				IPHONEOS_DEPLOYMENT_TARGET = 26.5;
				MARKETING_VERSION = 1.0;
				PRODUCT_BUNDLE_IDENTIFIER = GG.ScotiaAssessmentTests;
				PRODUCT_NAME = "$(TARGET_NAME)";
				STRING_CATALOG_GENERATE_SYMBOLS = NO;
				SWIFT_APPROACHABLE_CONCURRENCY = YES;
				SWIFT_EMIT_LOC_STRINGS = NO;
				SWIFT_UPCOMING_FEATURE_MEMBER_IMPORT_VISIBILITY = YES;
				SWIFT_VERSION = 5.0;
				TARGETED_DEVICE_FAMILY = "1,2";
				TEST_HOST = "$(BUILT_PRODUCTS_DIR)/ScotiaAssessment.app/$(BUNDLE_EXECUTABLE_FOLDER_PATH)/ScotiaAssessment";
			};
			name = Release;
		};
		764B15362FD0AC7E00F8FF4C /* Debug */ = {
			isa = XCBuildConfiguration;
			buildSettings = {
				CODE_SIGN_STYLE = Automatic;
				CURRENT_PROJECT_VERSION = 1;
				DEVELOPMENT_TEAM = FBG3T29FPF;
				GENERATE_INFOPLIST_FILE = YES;
				MARKETING_VERSION = 1.0;
				PRODUCT_BUNDLE_IDENTIFIER = GG.ScotiaAssessmentUITests;
				PRODUCT_NAME = "$(TARGET_NAME)";
				STRING_CATALOG_GENERATE_SYMBOLS = NO;
				SWIFT_APPROACHABLE_CONCURRENCY = YES;
				SWIFT_EMIT_LOC_STRINGS = NO;
				SWIFT_UPCOMING_FEATURE_MEMBER_IMPORT_VISIBILITY = YES;
				SWIFT_VERSION = 5.0;
				TARGETED_DEVICE_FAMILY = "1,2";
				TEST_TARGET_NAME = ScotiaAssessment;
			};
			name = Debug;
		};
		764B15372FD0AC7E00F8FF4C /* Release */ = {
			isa = XCBuildConfiguration;
			buildSettings = {
				CODE_SIGN_STYLE = Automatic;
				CURRENT_PROJECT_VERSION = 1;
				DEVELOPMENT_TEAM = FBG3T29FPF;
				GENERATE_INFOPLIST_FILE = YES;
				MARKETING_VERSION = 1.0;
				PRODUCT_BUNDLE_IDENTIFIER = GG.ScotiaAssessmentUITests;
				PRODUCT_NAME = "$(TARGET_NAME)";
				STRING_CATALOG_GENERATE_SYMBOLS = NO;
				SWIFT_APPROACHABLE_CONCURRENCY = YES;
				SWIFT_EMIT_LOC_STRINGS = NO;
				SWIFT_UPCOMING_FEATURE_MEMBER_IMPORT_VISIBILITY = YES;
				SWIFT_VERSION = 5.0;
				TARGETED_DEVICE_FAMILY = "1,2";
				TEST_TARGET_NAME = ScotiaAssessment;
			};
			name = Release;
		};
/* End XCBuildConfiguration section */

/* Begin XCConfigurationList section */
		764B15092FD0AC7D00F8FF4C /* Build configuration list for PBXProject "ScotiaAssessment" */ = {
			isa = XCConfigurationList;
			buildConfigurations = (
				764B152D2FD0AC7E00F8FF4C /* Debug */,
				764B152E2FD0AC7E00F8FF4C /* Release */,
			);
			defaultConfigurationIsVisible = 0;
			defaultConfigurationName = Release;
		};
		764B152F2FD0AC7E00F8FF4C /* Build configuration list for PBXNativeTarget "ScotiaAssessment" */ = {
			isa = XCConfigurationList;
			buildConfigurations = (
				764B15302FD0AC7E00F8FF4C /* Debug */,
				764B15312FD0AC7E00F8FF4C /* Release */,
			);
			defaultConfigurationIsVisible = 0;
			defaultConfigurationName = Release;
		};
		764B15322FD0AC7E00F8FF4C /* Build configuration list for PBXNativeTarget "ScotiaAssessmentTests" */ = {
			isa = XCConfigurationList;
			buildConfigurations = (
				764B15332FD0AC7E00F8FF4C /* Debug */,
				764B15342FD0AC7E00F8FF4C /* Release */,
			);
			defaultConfigurationIsVisible = 0;
			defaultConfigurationName = Release;
		};
		764B15352FD0AC7E00F8FF4C /* Build configuration list for PBXNativeTarget "ScotiaAssessmentUITests" */ = {
			isa = XCConfigurationList;
			buildConfigurations = (
				764B15362FD0AC7E00F8FF4C /* Debug */,
				764B15372FD0AC7E00F8FF4C /* Release */,
			);
			defaultConfigurationIsVisible = 0;
			defaultConfigurationName = Release;
		};
/* End XCConfigurationList section */
	};
	rootObject = 764B15062FD0AC7D00F8FF4C /* Project object */;
}
